// !$*UTF8*$!
{
	archiveVersion = 1;
	classes = {
	};
	objectVersion = 55;
	objects = {

/* Begin PBXBuildFile section */
		5C1F283A283C251C008FE84B /* CityPicker.swift in Sources */ = {isa = PBXBuildFile; fileRef = 5C1F2839283C251C008FE84B /* CityPicker.swift */; };
		5C8537E0283D17AF003431B6 /* City.swift in Sources */ = {isa = PBXBuildFile; fileRef = 5C8537DF283D17AF003431B6 /* City.swift */; };
		5C8537E6283D1AC4003431B6 /* giphy.gif in Resources */ = {isa = PBXBuildFile; fileRef = 5C8537E5283D1AC4003431B6 /* giphy.gif */; };
		5CA8D63A283BFCED007EA1CE /* AppDelegate.swift in Sources */ = {isa = PBXBuildFile; fileRef = 5CA8D639283BFCED007EA1CE /* AppDelegate.swift */; };
		5CA8D63C283BFCED007EA1CE /* SceneDelegate.swift in Sources */ = {isa = PBXBuildFile; fileRef = 5CA8D63B283BFCED007EA1CE /* SceneDelegate.swift */; };
		5CA8D63E283BFCED007EA1CE /* ViewController.swift in Sources */ = {isa = PBXBuildFile; fileRef = 5CA8D63D283BFCED007EA1CE /* ViewController.swift */; };
		5CA8D641283BFCED007EA1CE /* Main.storyboard in Resources */ = {isa = PBXBuildFile; fileRef = 5CA8D63F283BFCED007EA1CE /* Main.storyboard */; };
		5CA8D644283BFCED007EA1CE /* Weather_App.xcdatamodeld in Sources */ = {isa = PBXBuildFile; fileRef = 5CA8D642283BFCED007EA1CE /* Weather_App.xcdatamodeld */; };
		5CA8D649283BFCEE007EA1CE /* LaunchScreen.storyboard in Resources */ = {isa = PBXBuildFile; fileRef = 5CA8D647283BFCEE007EA1CE /* LaunchScreen.storyboard */; };
		5CA8D651283C03B4007EA1CE /* WeatherApi.swift in Sources */ = {isa = PBXBuildFile; fileRef = 5CA8D650283C03B4007EA1CE /* WeatherApi.swift */; };
		5CA8D653283C0744007EA1CE /* Gradient.swift in Sources */ = {isa = PBXBuildFile; fileRef = 5CA8D652283C0744007EA1CE /* Gradient.swift */; };
		5CA8D655283C0AC6007EA1CE /* iOSDevCenters+GIF.swift in Sources */ = {isa = PBXBuildFile; fileRef = 5CA8D654283C0AC5007EA1CE /* iOSDevCenters+GIF.swift */; };
		5CA8D659283C0B7B007EA1CE /* g.gif in Resources */ = {isa = PBXBuildFile; fileRef = 5CA8D658283C0B7B007EA1CE /* g.gif */; };
		5CA8D65B283C142C007EA1CE /* g2.gif in Resources */ = {isa = PBXBuildFile; fileRef = 5CA8D65A283C142C007EA1CE /* g2.gif */; };
		F6B96FB9A61385118D9C1CA5 /* Pods_Weather_App.framework in Frameworks */ = {isa = PBXBuildFile; fileRef = F79885B168EE7FBBF0EA5225 /* Pods_Weather_App.framework */; };
/* End PBXBuildFile section */

/* Begin PBXFileReference section */
		5C1F2839283C251C008FE84B /* CityPicker.swift */ = {isa = PBXFileReference; lastKnownFileType = sourcecode.swift; path = CityPicker.swift; sourceTree = "<group>"; };
		5C8537DF283D17AF003431B6 /* City.swift */ = {isa = PBXFileReference; lastKnownFileType = sourcecode.swift; path = City.swift; sourceTree = "<group>"; };
		5C8537E5283D1AC4003431B6 /* giphy.gif */ = {isa = PBXFileReference; lastKnownFileType = image.gif; name = giphy.gif; path = ../../../../Downloads/giphy.gif; sourceTree = "<group>"; };
		5CA8D636283BFCED007EA1CE /* Weather App.app */ = {isa = PBXFileReference; explicitFileType = wrapper.application; includeInIndex = 0; path = "Weather App.app"; sourceTree = BUILT_PRODUCTS_DIR; };
		5CA8D639283BFCED007EA1CE /* AppDelegate.swift */ = {isa = PBXFileReference; lastKnownFileType = sourcecode.swift; path = AppDelegate.swift; sourceTree = "<group>"; };
		5CA8D63B283BFCED007EA1CE /* SceneDelegate.swift */ = {isa = PBXFileReference; lastKnownFileType = sourcecode.swift; path = SceneDelegate.swift; sourceTree = "<group>"; };
		5CA8D63D283BFCED007EA1CE /* ViewController.swift */ = {isa = PBXFileReference; lastKnownFileType = sourcecode.swift; path = ViewController.swift; sourceTree = "<group>"; };
		5CA8D640283BFCED007EA1CE /* Base */ = {isa = PBXFileReference; lastKnownFileType = file.storyboard; name = Base; path = Base.lproj/Main.storyboard; sourceTree = "<group>"; };
		5CA8D643283BFCED007EA1CE /* Weather_App.xcdatamodel */ = {isa = PBXFileReference; lastKnownFileType = wrapper.xcdatamodel; path = Weather_App.xcdatamodel; sourceTree = "<group>"; };
		5CA8D648283BFCEE007EA1CE /* Base */ = {isa = PBXFileReference; lastKnownFileType = file.storyboard; name = Base; path = Base.lproj/LaunchScreen.storyboard; sourceTree = "<group>"; };
		5CA8D64A283BFCEE007EA1CE /* Info.plist */ = {isa = PBXFileReference; lastKnownFileType = text.plist.xml; path = Info.plist; sourceTree = "<group>"; };
		5CA8D650283C03B4007EA1CE /* WeatherApi.swift */ = {isa = PBXFileReference; lastKnownFileType = sourcecode.swift; path = WeatherApi.swift; sourceTree = "<group>"; };
		5CA8D652283C0744007EA1CE /* Gradient.swift */ = {isa = PBXFileReference; lastKnownFileType = sourcecode.swift; path = Gradient.swift; sourceTree = "<group>"; };
		5CA8D654283C0AC5007EA1CE /* iOSDevCenters+GIF.swift */ = {isa = PBXFileReference; lastKnownFileType = sourcecode.swift; path = "iOSDevCenters+GIF.swift"; sourceTree = "<group>"; };
		5CA8D658283C0B7B007EA1CE /* g.gif */ = {isa = PBXFileReference; lastKnownFileType = image.gif; name = g.gif; path = ../../../../Downloads/g.gif; sourceTree = "<group>"; };
		5CA8D65A283C142C007EA1CE /* g2.gif */ = {isa = PBXFileReference; lastKnownFileType = image.gif; name = g2.gif; path = ../../../../Downloads/g2.gif; sourceTree = "<group>"; };
		A33825BD7AE1F19737F23CC5 /* Pods-Weather App.debug.xcconfig */ = {isa = PBXFileReference; includeInIndex = 1; lastKnownFileType = text.xcconfig; name = "Pods-Weather App.debug.xcconfig"; path = "Target Support Files/Pods-Weather App/Pods-Weather App.debug.xcconfig"; sourceTree = "<group>"; };
		E9BF52D6F78073ED593E9891 /* Pods-Weather App.release.xcconfig */ = {isa = PBXFileReference; includeInIndex = 1; lastKnownFileType = text.xcconfig; name = "Pods-Weather App.release.xcconfig"; path = "Target Support Files/Pods-Weather App/Pods-Weather App.release.xcconfig"; sourceTree = "<group>"; };
		F79885B168EE7FBBF0EA5225 /* Pods_Weather_App.framework */ = {isa = PBXFileReference; explicitFileType = wrapper.framework; includeInIndex = 0; path = Pods_Weather_App.framework; sourceTree = BUILT_PRODUCTS_DIR; };
/* End PBXFileReference section */

/* Begin PBXFrameworksBuildPhase section */
		5CA8D633283BFCED007EA1CE /* Frameworks */ = {
			isa = PBXFrameworksBuildPhase;
			buildActionMask = 2147483647;
			files = (
				F6B96FB9A61385118D9C1CA5 /* Pods_Weather_App.framework in Frameworks */,
			);
			runOnlyForDeploymentPostprocessing = 0;
		};
/* End PBXFrameworksBuildPhase section */

/* Begin PBXGroup section */
		01D43B35611AF60229D66584 /* Frameworks */ = {
			isa = PBXGroup;
			children = (
				F79885B168EE7FBBF0EA5225 /* Pods_Weather_App.framework */,
			);
			name = Frameworks;
			sourceTree = "<group>";
		};
		15D10ECD127D37097979FF81 /* Pods */ = {
			isa = PBXGroup;
			children = (
				A33825BD7AE1F19737F23CC5 /* Pods-Weather App.debug.xcconfig */,
				E9BF52D6F78073ED593E9891 /* Pods-Weather App.release.xcconfig */,
			);
			path = Pods;
			sourceTree = "<group>";
		};
		5C8537E1283D17F9003431B6 /* View Controller */ = {
			isa = PBXGroup;
			children = (
				5CA8D63D283BFCED007EA1CE /* ViewController.swift */,
				5C1F2839283C251C008FE84B /* CityPicker.swift */,
			);
			path = "View Controller";
			sourceTree = "<group>";
		};
		5C8537E2283D180E003431B6 /* Delegate */ = {
			isa = PBXGroup;
			children = (
				5CA8D639283BFCED007EA1CE /* AppDelegate.swift */,
				5CA8D63B283BFCED007EA1CE /* SceneDelegate.swift */,
			);
			path = Delegate;
			sourceTree = "<group>";
		};
		5C8537E3283D1829003431B6 /* Model */ = {
			isa = PBXGroup;
			children = (
				5CA8D650283C03B4007EA1CE /* WeatherApi.swift */,
				5C8537DF283D17AF003431B6 /* City.swift */,
			);
			path = Model;
			sourceTree = "<group>";
		};
		5C8537E4283D184A003431B6 /* View */ = {
			isa = PBXGroup;
			children = (
				5CA8D652283C0744007EA1CE /* Gradient.swift */,
				5CA8D654283C0AC5007EA1CE /* iOSDevCenters+GIF.swift */,
			);
			path = View;
			sourceTree = "<group>";
		};
		5CA8D62D283BFCED007EA1CE = {
			isa = PBXGroup;
			children = (
				5CA8D638283BFCED007EA1CE /* Weather App */,
				5CA8D637283BFCED007EA1CE /* Products */,
				15D10ECD127D37097979FF81 /* Pods */,
				01D43B35611AF60229D66584 /* Frameworks */,
			);
			sourceTree = "<group>";
		};
		5CA8D637283BFCED007EA1CE /* Products */ = {
			isa = PBXGroup;
			children = (
				5CA8D636283BFCED007EA1CE /* Weather App.app */,
			);
			name = Products;
			sourceTree = "<group>";
		};
		5CA8D638283BFCED007EA1CE /* Weather App */ = {
			isa = PBXGroup;
			children = (
				5CA8D658283C0B7B007EA1CE /* g.gif */,
				5CA8D65A283C142C007EA1CE /* g2.gif */,
				5C8537E5283D1AC4003431B6 /* giphy.gif */,
				5C8537E3283D1829003431B6 /* Model */,
				5C8537E2283D180E003431B6 /* Delegate */,
				5C8537E1283D17F9003431B6 /* View Controller */,
				5C8537E4283D184A003431B6 /* View */,
				5CA8D63F283BFCED007EA1CE /* Main.storyboard */,
				5CA8D647283BFCEE007EA1CE /* LaunchScreen.storyboard */,
				5CA8D64A283BFCEE007EA1CE /* Info.plist */,
				5CA8D642283BFCED007EA1CE /* Weather_App.xcdatamodeld */,
			);
			path = "Weather App";
			sourceTree = "<group>";
		};
/* End PBXGroup section */

/* Begin PBXNativeTarget section */
		5CA8D635283BFCED007EA1CE /* Weather App */ = {
			isa = PBXNativeTarget;
			buildConfigurationList = 5CA8D64D283BFCEE007EA1CE /* Build configuration list for PBXNativeTarget "Weather App" */;
			buildPhases = (
				6BA99B292BE89854A17C5FE2 /* [CP] Check Pods Manifest.lock */,
				5CA8D632283BFCED007EA1CE /* Sources */,
				5CA8D633283BFCED007EA1CE /* Frameworks */,
				5CA8D634283BFCED007EA1CE /* Resources */,
				F8DFB0E3A9BDC1CF18CE8461 /* [CP] Embed Pods Frameworks */,
			);
			buildRules = (
			);
			dependencies = (
			);
			name = "Weather App";
			productName = "Weather App";
			productReference = 5CA8D636283BFCED007EA1CE /* Weather App.app */;
			productType = "com.apple.product-type.application";
		};
/* End PBXNativeTarget section */

/* Begin PBXProject section */
		5CA8D62E283BFCED007EA1CE /* Project object */ = {
			isa = PBXProject;
			attributes = {
				BuildIndependentTargetsInParallel = 1;
				LastSwiftUpdateCheck = 1320;
				LastUpgradeCheck = 1320;
				TargetAttributes = {
					5CA8D635283BFCED007EA1CE = {
						CreatedOnToolsVersion = 13.2.1;
					};
				};
			};
			buildConfigurationList = 5CA8D631283BFCED007EA1CE /* Build configuration list for PBXProject "Weather App" */;
			compatibilityVersion = "Xcode 13.0";
			developmentRegion = en;
			hasScannedForEncodings = 0;
			knownRegions = (
				en,
				Base,
			);
			mainGroup = 5CA8D62D283BFCED007EA1CE;
			productRefGroup = 5CA8D637283BFCED007EA1CE /* Products */;
			projectDirPath = "";
			projectRoot = "";
			targets = (
				5CA8D635283BFCED007EA1CE /* Weather App */,
			);
		};
/* End PBXProject section */

/* Begin PBXResourcesBuildPhase section */
		5CA8D634283BFCED007EA1CE /* Resources */ = {
			isa = PBXResourcesBuildPhase;
			buildActionMask = 2147483647;
			files = (
				5C8537E6283D1AC4003431B6 /* giphy.gif in Resources */,
				5CA8D649283BFCEE007EA1CE /* LaunchScreen.storyboard in Resources */,
				5CA8D641283BFCED007EA1CE /* Main.storyboard in Resources */,
				5CA8D659283C0B7B007EA1CE /* g.gif in Resources */,
				5CA8D65B283C142C007EA1CE /* g2.gif in Resources */,
			);
			runOnlyForDeploymentPostprocessing = 0;
		};
/* End PBXResourcesBuildPhase section */

/* Begin PBXShellScriptBuildPhase section */
		6BA99B292BE89854A17C5FE2 /* [CP] Check Pods Manifest.lock */ = {
			isa = PBXShellScriptBuildPhase;
			buildActionMask = 2147483647;
			files = (
			);
			inputFileListPaths = (
			);
			inputPaths = (
				"${PODS_PODFILE_DIR_PATH}/Podfile.lock",
				"${PODS_ROOT}/Manifest.lock",
			);
			name = "[CP] Check Pods Manifest.lock";
			outputFileListPaths = (
			);
			outputPaths = (
				"$(DERIVED_FILE_DIR)/Pods-Weather App-checkManifestLockResult.txt",
			);
			runOnlyForDeploymentPostprocessing = 0;
			shellPath = /bin/sh;
			shellScript = "diff \"${PODS_PODFILE_DIR_PATH}/Podfile.lock\" \"${PODS_ROOT}/Manifest.lock\" > /dev/null\nif [ $? != 0 ] ; then\n    # print error to STDERR\n    echo \"error: The sandbox is not in sync with the Podfile.lock. Run 'pod install' or update your CocoaPods installation.\" >&2\n    exit 1\nfi\n# This output is used by Xcode 'outputs' to avoid re-running this script phase.\necho \"SUCCESS\" > \"${SCRIPT_OUTPUT_FILE_0}\"\n";
			showEnvVarsInLog = 0;
		};
		F8DFB0E3A9BDC1CF18CE8461 /* [CP] Embed Pods Frameworks */ = {
			isa = PBXShellScriptBuildPhase;
			buildActionMask = 2147483647;
			files = (
			);
			inputFileListPaths = (
				"${PODS_ROOT}/Target Support Files/Pods-Weather App/Pods-Weather App-frameworks-${CONFIGURATION}-input-files.xcfilelist",
			);
			name = "[CP] Embed Pods Frameworks";
			outputFileListPaths = (
				"${PODS_ROOT}/Target Support Files/Pods-Weather App/Pods-Weather App-frameworks-${CONFIGURATION}-output-files.xcfilelist",
			);
			runOnlyForDeploymentPostprocessing = 0;
			shellPath = /bin/sh;
			shellScript = "\"${PODS_ROOT}/Target Support Files/Pods-Weather App/Pods-Weather App-frameworks.sh\"\n";
			showEnvVarsInLog = 0;
		};
/* End PBXShellScriptBuildPhase section */

/* Begin PBXSourcesBuildPhase section */
		5CA8D632283BFCED007EA1CE /* Sources */ = {
			isa = PBXSourcesBuildPhase;
			buildActionMask = 2147483647;
			files = (
				5CA8D644283BFCED007EA1CE /* Weather_App.xcdatamodeld in Sources */,
				5CA8D63E283BFCED007EA1CE /* ViewController.swift in Sources */,
				5C8537E0283D17AF003431B6 /* City.swift in Sources */,
				5C1F283A283C251C008FE84B /* CityPicker.swift in Sources */,
				5CA8D651283C03B4007EA1CE /* WeatherApi.swift in Sources */,
				5CA8D655283C0AC6007EA1CE /* iOSDevCenters+GIF.swift in Sources */,
				5CA8D63A283BFCED007EA1CE /* AppDelegate.swift in Sources */,
				5CA8D63C283BFCED007EA1CE /* SceneDelegate.swift in Sources */,
				5CA8D653283C0744007EA1CE /* Gradient.swift in Sources */,
			);
			runOnlyForDeploymentPostprocessing = 0;
		};
/* End PBXSourcesBuildPhase section */

/* Begin PBXVariantGroup section */
		5CA8D63F283BFCED007EA1CE /* Main.storyboard */ = {
			isa = PBXVariantGroup;
			children = (
				5CA8D640283BFCED007EA1CE /* Base */,
			);
			name = Main.storyboard;
			sourceTree = "<group>";
		};
		5CA8D647283BFCEE007EA1CE /* LaunchScreen.storyboard */ = {
			isa = PBXVariantGroup;
			children = (
				5CA8D648283BFCEE007EA1CE /* Base */,
			);
			name = LaunchScreen.storyboard;
			sourceTree = "<group>";
		};
/* End PBXVariantGroup section */

/* Begin XCBuildConfiguration section */
		5CA8D64B283BFCEE007EA1CE /* Debug */ = {
			isa = XCBuildConfiguration;
			buildSettings = {
				ALWAYS_SEARCH_USER_PATHS = NO;
				CLANG_ANALYZER_NONNULL = YES;
				CLANG_ANALYZER_NUMBER_OBJECT_CONVERSION = YES_AGGRESSIVE;
				CLANG_CXX_LANGUAGE_STANDARD = "gnu++17";
				CLANG_CXX_LIBRARY = "libc++";
				CLANG_ENABLE_MODULES = YES;
				CLANG_ENABLE_OBJC_ARC = YES;
				CLANG_ENABLE_OBJC_WEAK = YES;
				CLANG_WARN_BLOCK_CAPTURE_AUTORELEASING = YES;
				CLANG_WARN_BOOL_CONVERSION = YES;
				CLANG_WARN_COMMA = YES;
				CLANG_WARN_CONSTANT_CONVERSION = YES;
				CLANG_WARN_DEPRECATED_OBJC_IMPLEMENTATIONS = YES;
				CLANG_WARN_DIRECT_OBJC_ISA_USAGE = YES_ERROR;
				CLANG_WARN_DOCUMENTATION_COMMENTS = YES;
				CLANG_WARN_EMPTY_BODY = YES;
				CLANG_WARN_ENUM_CONVERSION = YES;
				CLANG_WARN_INFINITE_RECURSION = YES;
				CLANG_WARN_INT_CONVERSION = YES;
				CLANG_WARN_NON_LITERAL_NULL_CONVERSION = YES;
				CLANG_WARN_OBJC_IMPLICIT_RETAIN_SELF = YES;
				CLANG_WARN_OBJC_LITERAL_CONVERSION = YES;
				CLANG_WARN_OBJC_ROOT_CLASS = YES_ERROR;
				CLANG_WARN_QUOTED_INCLUDE_IN_FRAMEWORK_HEADER = YES;
				CLANG_WARN_RANGE_LOOP_ANALYSIS = YES;
				CLANG_WARN_STRICT_PROTOTYPES = YES;
				CLANG_WARN_SUSPICIOUS_MOVE = YES;
				CLANG_WARN_UNGUARDED_AVAILABILITY = YES_AGGRESSIVE;
				CLANG_WARN_UNREACHABLE_CODE = YES;
				CLANG_WARN__DUPLICATE_METHOD_MATCH = YES;
				COPY_PHASE_STRIP = NO;
				DEBUG_INFORMATION_FORMAT = dwarf;
				ENABLE_STRICT_OBJC_MSGSEND = YES;
				ENABLE_TESTABILITY = YES;
				GCC_C_LANGUAGE_STANDARD = gnu11;
				GCC_DYNAMIC_NO_PIC = NO;
				GCC_NO_COMMON_BLOCKS = YES;
				GCC_OPTIMIZATION_LEVEL = 0;
				GCC_PREPROCESSOR_DEFINITIONS = (
					"DEBUG=1",
					"$(inherited)",
				);
				GCC_WARN_64_TO_32_BIT_CONVERSION = YES;
				GCC_WARN_ABOUT_RETURN_TYPE = YES_ERROR;
				GCC_WARN_UNDECLARED_SELECTOR = YES;
				GCC_WARN_UNINITIALIZED_AUTOS = YES_AGGRESSIVE;
				GCC_WARN_UNUSED_FUNCTION = YES;
				GCC_WARN_UNUSED_VARIABLE = YES;
				IPHONEOS_DEPLOYMENT_TARGET = 15.2;
				MTL_ENABLE_DEBUG_INFO = INCLUDE_SOURCE;
				MTL_FAST_MATH = YES;
				ONLY_ACTIVE_ARCH = YES;
				SDKROOT = iphoneos;
				SWIFT_ACTIVE_COMPILATION_CONDITIONS = DEBUG;
				SWIFT_OPTIMIZATION_LEVEL = "-Onone";
			};
			name = Debug;
		};
		5CA8D64C283BFCEE007EA1CE /* Release */ = {
			isa = XCBuildConfiguration;
			buildSettings = {
				ALWAYS_SEARCH_USER_PATHS = NO;
				CLANG_ANALYZER_NONNULL = YES;
				CLANG_ANALYZER_NUMBER_OBJECT_CONVERSION = YES_AGGRESSIVE;
				CLANG_CXX_LANGUAGE_STANDARD = "gnu++17";
				CLANG_CXX_LIBRARY = "libc++";
				CLANG_ENABLE_MODULES = YES;
				CLANG_ENABLE_OBJC_ARC = YES;
				CLANG_ENABLE_OBJC_WEAK = YES;
				CLANG_WARN_BLOCK_CAPTURE_AUTORELEASING = YES;
				CLANG_WARN_BOOL_CONVERSION = YES;
				CLANG_WARN_COMMA = YES;
				CLANG_WARN_CONSTANT_CONVERSION = YES;
				CLANG_WARN_DEPRECATED_OBJC_IMPLEMENTATIONS = YES;
				CLANG_WARN_DIRECT_OBJC_ISA_USAGE = YES_ERROR;
				CLANG_WARN_DOCUMENTATION_COMMENTS = YES;
				CLANG_WARN_EMPTY_BODY = YES;
				CLANG_WARN_ENUM_CONVERSION = YES;
				CLANG_WARN_INFINITE_RECURSION = YES;
				CLANG_WARN_INT_CONVERSION = YES;
				CLANG_WARN_NON_LITERAL_NULL_CONVERSION = YES;
				CLANG_WARN_OBJC_IMPLICIT_RETAIN_SELF = YES;
				CLANG_WARN_OBJC_LITERAL_CONVERSION = YES;
				CLANG_WARN_OBJC_ROOT_CLASS = YES_ERROR;
				CLANG_WARN_QUOTED_INCLUDE_IN_FRAMEWORK_HEADER = YES;
				CLANG_WARN_RANGE_LOOP_ANALYSIS = YES;
				CLANG_WARN_STRICT_PROTOTYPES = YES;
				CLANG_WARN_SUSPICIOUS_MOVE = YES;
				CLANG_WARN_UNGUARDED_AVAILABILITY = YES_AGGRESSIVE;
				CLANG_WARN_UNREACHABLE_CODE = YES;
				CLANG_WARN__DUPLICATE_METHOD_MATCH = YES;
				COPY_PHASE_STRIP = NO;
				DEBUG_INFORMATION_FORMAT = "dwarf-with-dsym";
				ENABLE_NS_ASSERTIONS = NO;
				ENABLE_STRICT_OBJC_MSGSEND = YES;
				GCC_C_LANGUAGE_STANDARD = gnu11;
				GCC_NO_COMMON_BLOCKS = YES;
				GCC_WARN_64_TO_32_BIT_CONVERSION = YES;
				GCC_WARN_ABOUT_RETURN_TYPE = YES_ERROR;
				GCC_WARN_UNDECLARED_SELECTOR = YES;
				GCC_WARN_UNINITIALIZED_AUTOS = YES_AGGRESSIVE;
				GCC_WARN_UNUSED_FUNCTION = YES;
				GCC_WARN_UNUSED_VARIABLE = YES;
				IPHONEOS_DEPLOYMENT_TARGET = 15.2;
				MTL_ENABLE_DEBUG_INFO = NO;
				MTL_FAST_MATH = YES;
				SDKROOT = iphoneos;
				SWIFT_COMPILATION_MODE = wholemodule;
				SWIFT_OPTIMIZATION_LEVEL = "-O";
				VALIDATE_PRODUCT = YES;
			};
			name = Release;
		};
		5CA8D64E283BFCEE007EA1CE /* Debug */ = {
			isa = XCBuildConfiguration;
			baseConfigurationReference = A33825BD7AE1F19737F23CC5 /* Pods-Weather App.debug.xcconfig */;
			buildSettings = {
				ASSETCATALOG_COMPILER_APPICON_NAME = AppIcon;
				ASSETCATALOG_COMPILER_GLOBAL_ACCENT_COLOR_NAME = AccentColor;
				CODE_SIGN_STYLE = Automatic;
				CURRENT_PROJECT_VERSION = 1;
				GENERATE_INFOPLIST_FILE = YES;
				INFOPLIST_FILE = "Weather App/Info.plist";
				INFOPLIST_KEY_UIApplicationSupportsIndirectInputEvents = YES;
				INFOPLIST_KEY_UILaunchStoryboardName = LaunchScreen;
				INFOPLIST_KEY_UIMainStoryboardFile = Main;
				INFOPLIST_KEY_UISupportedInterfaceOrientations_iPad = "UIInterfaceOrientationPortrait UIInterfaceOrientationPortraitUpsideDown UIInterfaceOrientationLandscapeLeft UIInterfaceOrientationLandscapeRight";
				INFOPLIST_KEY_UISupportedInterfaceOrientations_iPhone = "UIInterfaceOrientationPortrait UIInterfaceOrientationLandscapeLeft UIInterfaceOrientationLandscapeRight";
				LD_RUNPATH_SEARCH_PATHS = (
					"$(inherited)",
					"@executable_path/Frameworks",
				);
				MARKETING_VERSION = 1.0;
				PRODUCT_BUNDLE_IDENTIFIER = "Hassan-Ali.Weather-App";
				PRODUCT_NAME = "$(TARGET_NAME)";
				SWIFT_EMIT_LOC_STRINGS = YES;
				SWIFT_VERSION = 5.0;
				TARGETED_DEVICE_FAMILY = "1,2";
			};
			name = Debug;
		};
		5CA8D64F283BFCEE007EA1CE /* Release */ = {
			isa = XCBuildConfiguration;
			baseConfigurationReference = E9BF52D6F78073ED593E9891 /* Pods-Weather App.release.xcconfig */;
			buildSettings = {
				ASSETCATALOG_COMPILER_APPICON_NAME = AppIcon;
				ASSETCATALOG_COMPILER_GLOBAL_ACCENT_COLOR_NAME = AccentColor;
				CODE_SIGN_STYLE = Automatic;
				CURRENT_PROJECT_VERSION = 1;
				GENERATE_INFOPLIST_FILE = YES;
				INFOPLIST_FILE = "Weather App/Info.plist";
				INFOPLIST_KEY_UIApplicationSupportsIndirectInputEvents = YES;
				INFOPLIST_KEY_UILaunchStoryboardName = LaunchScreen;
				INFOPLIST_KEY_UIMainStoryboardFile = Main;
				INFOPLIST_KEY_UISupportedInterfaceOrientations_iPad = "UIInterfaceOrientationPortrait UIInterfaceOrientationPortraitUpsideDown UIInterfaceOrientationLandscapeLeft UIInterfaceOrientationLandscapeRight";
				INFOPLIST_KEY_UISupportedInterfaceOrientations_iPhone = "UIInterfaceOrientationPortrait UIInterfaceOrientationLandscapeLeft UIInterfaceOrientationLandscapeRight";
				LD_RUNPATH_SEARCH_PATHS = (
					"$(inherited)",
					"@executable_path/Frameworks",
				);
				MARKETING_VERSION = 1.0;
				PRODUCT_BUNDLE_IDENTIFIER = "Hassan-Ali.Weather-App";
				PRODUCT_NAME = "$(TARGET_NAME)";
				SWIFT_EMIT_LOC_STRINGS = YES;
				SWIFT_VERSION = 5.0;
				TARGETED_DEVICE_FAMILY = "1,2";
			};
			name = Release;
		};
/* End XCBuildConfiguration section */

/* Begin XCConfigurationList section */
		5CA8D631283BFCED007EA1CE /* Build configuration list for PBXProject "Weather App" */ = {
			isa = XCConfigurationList;
			buildConfigurations = (
				5CA8D64B283BFCEE007EA1CE /* Debug */,
				5CA8D64C283BFCEE007EA1CE /* Release */,
			);
			defaultConfigurationIsVisible = 0;
			defaultConfigurationName = Release;
		};
		5CA8D64D283BFCEE007EA1CE /* Build configuration list for PBXNativeTarget "Weather App" */ = {
			isa = XCConfigurationList;
			buildConfigurations = (
				5CA8D64E283BFCEE007EA1CE /* Debug */,
				5CA8D64F283BFCEE007EA1CE /* Release */,
			);
			defaultConfigurationIsVisible = 0;
			defaultConfigurationName = Release;
		};
/* End XCConfigurationList section */

/* Begin XCVersionGroup section */
		5CA8D642283BFCED007EA1CE /* Weather_App.xcdatamodeld */ = {
			isa = XCVersionGroup;
			children = (
				5CA8D643283BFCED007EA1CE /* Weather_App.xcdatamodel */,
			);
			currentVersion = 5CA8D643283BFCED007EA1CE /* Weather_App.xcdatamodel */;
			path = Weather_App.xcdatamodeld;
			sourceTree = "<group>";
			versionGroupType = wrapper.xcdatamodel;
		};
/* End XCVersionGroup section */
	};
	rootObject = 5CA8D62E283BFCED007EA1CE /* Project object */;
}
